<?xml version="1.0" encoding="utf-8"?>
<Project ToolsVersion="4.0" xmlns="http://schemas.microsoft.com/developer/msbuild/2003">
  <ItemGroup>
    <Filter Include="Usul">
      <UniqueIdentifier>{6EA48D7C-5ADB-8E0D-03C8-7410EFDD0A0F}</UniqueIdentifier>
    </Filter>
    <Filter Include="Usul\Events">
      <UniqueIdentifier>{92480CB8-FEFD-84AD-87F2-7E84F3A67BB1}</UniqueIdentifier>
    </Filter>
  </ItemGroup>
  <ItemGroup>
    <ClInclude Include="src\Usul.h" />
    <ClInclude Include="src\Usul\Application.h">
      <Filter>Usul</Filter>
    </ClInclude>
    <ClInclude Include="src\Usul\Core.h">
      <Filter>Usul</Filter>
    </ClInclude>
    <ClInclude Include="src\Usul\EntryPoint.h">
      <Filter>Usul</Filter>
    </ClInclude>
    <ClInclude Include="src\Usul\Events\ApplicationEvent.h">
      <Filter>Usul\Events</Filter>
    </ClInclude>
    <ClInclude Include="src\Usul\Events\Event.h">
      <Filter>Usul\Events</Filter>
    </ClInclude>
    <ClInclude Include="src\Usul\Events\KeyEvent.h">
      <Filter>Usul\Events</Filter>
    </ClInclude>
    <ClInclude Include="src\Usul\Events\MouseEvent.h">
      <Filter>Usul\Events</Filter>
    </ClInclude>
    <ClInclude Include="src\Usul\Log.h">
      <Filter>Usul</Filter>
    </ClInclude>
    <ClInclude Include="src\uspch.h" />
  </ItemGroup>
  <ItemGroup>
    <ClCompile Include="src\Usul\Application.cpp">
      <Filter>Usul</Filter>
    </ClCompile>
    <ClCompile Include="src\Usul\Log.cpp">
      <Filter>Usul</Filter>
    </ClCompile>
    <ClCompile Include="src\uspch.cpp" />
  </ItemGroup>
</Project>