<?xml version="1.0" encoding="utf-8"?>
<Project ToolsVersion="4.0" xmlns="http://schemas.microsoft.com/developer/msbuild/2003">
  <ItemGroup>
    <Filter Include="Platform">
      <UniqueIdentifier>{2AC788B4-1694-E3BF-3FAD-D1672BD9184E}</UniqueIdentifier>
    </Filter>
    <Filter Include="Platform\Windows">
      <UniqueIdentifier>{64FBD71A-50F4-F66C-7926-DCF1657ED678}</UniqueIdentifier>
    </Filter>
    <Filter Include="Usul">
      <UniqueIdentifier>{6EA48D7C-5ADB-8E0D-03C8-7410EFDD0A0F}</UniqueIdentifier>
    </Filter>
    <Filter Include="Usul\Events">
      <UniqueIdentifier>{92480CB8-FEFD-84AD-87F2-7E84F3A67BB1}</UniqueIdentifier>
    </Filter>
  </ItemGroup>
  <ItemGroup>
    <ClInclude Include="src\Platform\Windows\WindowsWindow.h">
      <Filter>Platform\Windows</Filter>
    </ClInclude>
    <ClInclude Include="src\Usul.h" />
    <ClInclude Include="src\Usul\Application.h">
      <Filter>Usul</Filter>
    </ClInclude>
    <ClInclude Include="src\Usul\Core.h">
      <Filter>Usul</Filter>
    </ClInclude>
    <ClInclude Include="src\Usul\EntryPoint.h">
      <Filter>Usul</Filter>
    </ClInclude>
    <ClInclude Include="src\Usul\Events\ApplicationEvent.h">
      <Filter>Usul\Events</Filter>
    </ClInclude>
    <ClInclude Include="src\Usul\Events\Event.h">
      <Filter>Usul\Events</Filter>
    </ClInclude>
    <ClInclude Include="src\Usul\Events\KeyEvent.h">
      <Filter>Usul\Events</Filter>
    </ClInclude>
    <ClInclude Include="src\Usul\Events\MouseEvent.h">
      <Filter>Usul\Events</Filter>
    </ClInclude>
    <ClInclude Include="src\Usul\Layer.h">
      <Filter>Usul</Filter>
    </ClInclude>
    <ClInclude Include="src\Usul\LayerStack.h">
      <Filter>Usul</Filter>
    </ClInclude>
    <ClInclude Include="src\Usul\Log.h">
      <Filter>Usul</Filter>
    </ClInclude>
    <ClInclude Include="src\Usul\Window.h">
      <Filter>Usul</Filter>
    </ClInclude>
    <ClInclude Include="src\uspch.h" />
  </ItemGroup>
  <ItemGroup>
    <ClCompile Include="src\Platform\Windows\WindowsWindow.cpp">
      <Filter>Platform\Windows</Filter>
    </ClCompile>
    <ClCompile Include="src\Usul\Application.cpp">
      <Filter>Usul</Filter>
    </ClCompile>
    <ClCompile Include="src\Usul\Layer.cpp">
      <Filter>Usul</Filter>
    </ClCompile>
    <ClCompile Include="src\Usul\LayerStack.cpp">
      <Filter>Usul</Filter>
    </ClCompile>
    <ClCompile Include="src\Usul\Log.cpp">
      <Filter>Usul</Filter>
    </ClCompile>
    <ClCompile Include="src\uspch.cpp" />
  </ItemGroup>
</Project>